schema = 4

[platforms.linux-x64.tools.node]
request = "24.18.1"
version = "24.18.1"

[platforms.linux-x64.tools.node.options]
arch = "x64"
corepack = "false"

[platforms.linux-x64.tools.node.artifact]
url = "https://nodejs.org/dist/v24.18.1/node-v24.18.1-linux-x64.tar.gz"
file_name = "node-v24.18.1-linux-x64.tar.gz"
checksum = "sha256:9f5eb6ac21845a66c493c91a253b1da32fd684e89e9b7202d4936982336be4ca"

[deps.pnpm]
installer = "pnpm"
installer_version = "11.28.3"
runtime = "node@24.18.1"
manifest = "package.json"
manifest_sha256 = "92a0e297b8c8efa902f03db922a7b594fc7c3f3ab79402fd85eecfc454c76edd"
run = "pnpm install --frozen-lockfile"
allow_build_from_source = true

[deps.pnpm.native_lock]
kind = "pnpm-lock"
path = "pnpm-lock.yaml"
sha256 = "573790b7a0e8fa299120cb75805b1cbea161ad5e8abab18824becc35cb1246ae"

[skills.osdk-guide]
source = "github:lejunyang/one-sdk"
content_hash = "b3-v2:53d69d90eae02ecd9a4194f3fc10020e67f9540ed5e5a2a4d23ee0a080d21592"
requested_ref = "default"
resolved_commit = "8a30f0abbaf6dc9668fd6357a0bc0a9d7be97990"
agents = [
    "universal",
    "claude-code",
]
install_mode = "copy"
