schema = 4

[platforms.linux-x64.tools.node]
request = "24.18.1"
version = "24.18.1"

[platforms.linux-x64.tools.node.options]
arch = "x64"
corepack = "false"

[platforms.linux-x64.tools.node.artifact]
url = "https://nodejs.org/dist/v24.18.1/node-v24.18.1-linux-x64.tar.gz"
file_name = "node-v24.18.1-linux-x64.tar.gz"
checksum = "sha256:9f5eb6ac21845a66c493c91a253b1da32fd684e89e9b7202d4936982336be4ca"

[platforms.macos-arm64.tools.bun]
request = "latest"
version = "1.4.2"

[platforms.macos-arm64.tools.bun.artifact]
url = "https://registry.npmjs.org/@oven/bun-darwin-aarch64/-/bun-darwin-aarch64-1.4.2.tgz"
file_name = "bun-1.4.2.tgz"
checksum = "sha512:31775990fd5f79ab6ac59fbf5535d61b50558cce0e1817a1558d90f3c11e523ffb2f450c782188b66c8f61337ec31be5189e85eba244b73b30f86bd059ec276a"

[models.memory-zh]
provider = "huggingface"
repository = "Xenova/bge-small-zh-v1.5"
requested_revision = "75c43b069aac4d136ba6bc1122f995fedcfd2781"
revision = "75c43b069aac4d136ba6bc1122f995fedcfd2781"
endpoint = "https://huggingface.co"
kind = "embedding"
family = "bge"
derived_from = "BAAI/bge-small-zh-v1.5"
include = [
    "config.json",
    "tokenizer.json",
    "tokenizer_config.json",
    "special_tokens_map.json",
    "vocab.txt",
    "onnx/model_quantized.onnx",
]

[[models.memory-zh.files]]
path = "config.json"
size = 716
sha256 = "d4193ead3a810fd694fa8a31d7fc72fbaebc0668b603e398734bf2f6538ff42f"

[[models.memory-zh.files]]
path = "onnx/model_quantized.onnx"
size = 24010842
sha256 = "15b717c382bcb518ba457b93ea6850ede7f4f1cd8937454aa06972366cd19bcc"

[[models.memory-zh.files]]
path = "special_tokens_map.json"
size = 125
sha256 = "b6d346be366a7d1d48332dbc9fdf3bf8960b5d879522b7799ddba59e76237ee3"

[[models.memory-zh.files]]
path = "tokenizer.json"
size = 439125
sha256 = "48cea5d44424912a6fd1ea647bf4fe50b55ab8b1e5879c3275f80e339e8fae26"

[[models.memory-zh.files]]
path = "tokenizer_config.json"
size = 367
sha256 = "e6f3b96db926a37d4039995fbf5ad17de158dfb8f6343d607e4dbaad18d75f5a"

[[models.memory-zh.files]]
path = "vocab.txt"
size = 109540
sha256 = "45bbac6b341c319adc98a532532882e91a9cefc0329aa57bac9ae761c27b291c"

[deps.pnpm]
installer = "pnpm"
installer_version = "11.28.2"
runtime = "node@24.18.1"
manifest = "package.json"
manifest_sha256 = "f95da31a6f9a3b2ffcfd56ccbd2a2bddccb01d455c61ea1a6642a84e52bcb14b"
run = "pnpm install --frozen-lockfile"
allow_build_from_source = true

[deps.pnpm.native_lock]
kind = "pnpm-lock"
path = "pnpm-lock.yaml"
sha256 = "a720b15fa19bee926df4e22f760c9b936da855b2b16239881f56376f68d2a8c4"

[skills.osdk-guide]
source = "github:lejunyang/one-sdk"
content_hash = "b3-v2:53d69d90eae02ecd9a4194f3fc10020e67f9540ed5e5a2a4d23ee0a080d21592"
requested_ref = "default"
resolved_commit = "8a30f0abbaf6dc9668fd6357a0bc0a9d7be97990"
agents = [
    "universal",
    "claude-code",
]
install_mode = "copy"
